
Microsoft Visual Studio Solution File, Format Version 12.00
# Visual Studio Version 17
VisualStudioVersion = 17.4.33205.214
MinimumVisualStudioVersion = 10.0.40219.1
Project("{FAE04EC0-301F-11D3-BF4B-00C04F79EFBC}") = "EmpWageProblem", "EmpWageProblem\EmpWageProblem.csproj", "{4ED93CE4-5E71-4D39-8AEA-5CAD55EBBD5B}"
EndProject
Global
	GlobalSection(SolutionConfigurationPlatforms) = preSolution
		Debug|Any CPU = Debug|Any CPU
		Release|Any CPU = Release|Any CPU
	EndGlobalSection
	GlobalSection(ProjectConfigurationPlatforms) = postSolution
		{4ED93CE4-5E71-4D39-8AEA-5CAD55EBBD5B}.Debug|Any CPU.ActiveCfg = Debug|Any CPU
		{4ED93CE4-5E71-4D39-8AEA-5CAD55EBBD5B}.Debug|Any CPU.Build.0 = Debug|Any CPU
		{4ED93CE4-5E71-4D39-8AEA-5CAD55EBBD5B}.Release|Any CPU.ActiveCfg = Release|Any CPU
		{4ED93CE4-5E71-4D39-8AEA-5CAD55EBBD5B}.Release|Any CPU.Build.0 = Release|Any CPU
	EndGlobalSection
	GlobalSection(SolutionProperties) = preSolution
		HideSolutionNode = FALSE
	EndGlobalSection
	GlobalSection(ExtensibilityGlobals) = postSolution
		SolutionGuid = {6C9103EE-BDDB-4064-91D0-38480E74B97C}
	EndGlobalSection
EndGlobal
